
Microsoft Visual Studio Solution File, Format Version 12.00
# Visual Studio 2013
VisualStudioVersion = 12.0.31101.0
MinimumVisualStudioVersion = 10.0.40219.1
Project("{2150E333-8FDC-42A3-9474-1A3956D46DE8}") = "Solution Items", "Solution Items", "{36BBD515-F697-4DFC-8B67-03DF58D61ADB}"
	ProjectSection(SolutionItems) = preProject
		3. Positioning & Layouts - Homework.png = 3. Positioning & Layouts - Homework.png
		article-media.css = article-media.css
		article.css = article.css
		default.css = default.css
		index.html = index.html
		M-mockup.jpg = M-mockup.jpg
		normalize.css = normalize.css
		S-mockup.jpg = S-mockup.jpg
		style.css = style.css
		XL-mockup.jpg = XL-mockup.jpg
	EndProjectSection
EndProject
Project("{2150E333-8FDC-42A3-9474-1A3956D46DE8}") = "MyCSS", "MyCSS", "{C0C1719A-201B-42D0-AD75-FC6184B2637E}"
	ProjectSection(SolutionItems) = preProject
		all-news-galery.css = all-news-galery.css
		fasion-news.css = fasion-news.css
		footer.css = footer.css
		game-news.css = game-news.css
		header.css = header.css
		hot-stuff.css = hot-stuff.css
		main-article.css = main-article.css
		most-popular-news.css = most-popular-news.css
		popular-recent-coments.css = popular-recent-coments.css
		recents-posts.css = recents-posts.css
		searching.css = searching.css
		social-news.css = social-news.css
		some-people.css = some-people.css
		sport-news.css = sport-news.css
		technology-news.css = technology-news.css
		video-galery.css = video-galery.css
	EndProjectSection
EndProject
Global
	GlobalSection(SolutionProperties) = preSolution
		HideSolutionNode = FALSE
	EndGlobalSection
	GlobalSection(NestedProjects) = preSolution
		{C0C1719A-201B-42D0-AD75-FC6184B2637E} = {36BBD515-F697-4DFC-8B67-03DF58D61ADB}
	EndGlobalSection
EndGlobal
